// !$*UTF8*$!
{
	archiveVersion = 1;
	classes = {
	};
	objectVersion = 55;
	objects = {

/* Begin PBXBuildFile section */
		4C16ABB32871EE660091BB89 /* HTTPClientSpy.swift in Sources */ = {isa = PBXBuildFile; fileRef = 4C16ABB22871EE660091BB89 /* HTTPClientSpy.swift */; };
		4C16ABB62871F0FC0091BB89 /* RemoteLoaderTests.swift in Sources */ = {isa = PBXBuildFile; fileRef = 4C16ABB52871F0FC0091BB89 /* RemoteLoaderTests.swift */; };
		4C16ABB82871F16F0091BB89 /* RemoteLoader.swift in Sources */ = {isa = PBXBuildFile; fileRef = 4C16ABB72871F16F0091BB89 /* RemoteLoader.swift */; };
		4C16ABBC28734C8C0091BB89 /* HouseItem.swift in Sources */ = {isa = PBXBuildFile; fileRef = 4C16ABBB28734C8C0091BB89 /* HouseItem.swift */; };
		4C16ABC028734DDD0091BB89 /* HouseLoader.swift in Sources */ = {isa = PBXBuildFile; fileRef = 4C16ABBF28734DDD0091BB89 /* HouseLoader.swift */; };
		4C16ABC328734E410091BB89 /* HouseItemMapper.swift in Sources */ = {isa = PBXBuildFile; fileRef = 4C16ABC228734E410091BB89 /* HouseItemMapper.swift */; };
		4C16ABC528734ED00091BB89 /* HoouseMapperTests.swift in Sources */ = {isa = PBXBuildFile; fileRef = 4C16ABC428734ED00091BB89 /* HoouseMapperTests.swift */; };
		4C16ABC9287351A50091BB89 /* CharacterItem.swift in Sources */ = {isa = PBXBuildFile; fileRef = 4C16ABC8287351A50091BB89 /* CharacterItem.swift */; };
		4C16ABCB287352950091BB89 /* CharacterItemMapper.swift in Sources */ = {isa = PBXBuildFile; fileRef = 4C16ABCA287352950091BB89 /* CharacterItemMapper.swift */; };
		4C16ABCF287353CB0091BB89 /* CharacterMapperTests.swift in Sources */ = {isa = PBXBuildFile; fileRef = 4C16ABCE287353CB0091BB89 /* CharacterMapperTests.swift */; };
		4C233B5D286E065800E5C13C /* AppDelegate.swift in Sources */ = {isa = PBXBuildFile; fileRef = 4C233B5C286E065800E5C13C /* AppDelegate.swift */; };
		4C233B5F286E065800E5C13C /* SceneDelegate.swift in Sources */ = {isa = PBXBuildFile; fileRef = 4C233B5E286E065800E5C13C /* SceneDelegate.swift */; };
		4C233B66286E065900E5C13C /* Assets.xcassets in Resources */ = {isa = PBXBuildFile; fileRef = 4C233B65286E065900E5C13C /* Assets.xcassets */; };
		4C233B69286E065900E5C13C /* LaunchScreen.storyboard in Resources */ = {isa = PBXBuildFile; fileRef = 4C233B67286E065900E5C13C /* LaunchScreen.storyboard */; };
		4C233B8D286E115A00E5C13C /* CategoryItem.swift in Sources */ = {isa = PBXBuildFile; fileRef = 4C233B8C286E115A00E5C13C /* CategoryItem.swift */; };
		4C233B91286E11E800E5C13C /* CategoryLoader.swift in Sources */ = {isa = PBXBuildFile; fileRef = 4C233B90286E11E800E5C13C /* CategoryLoader.swift */; };
		4C233B94286E142E00E5C13C /* CategoriesMapperTests.swift in Sources */ = {isa = PBXBuildFile; fileRef = 4C233B93286E142E00E5C13C /* CategoriesMapperTests.swift */; };
		4C6C53F72877FCF4009DABC8 /* ListTableViewController.swift in Sources */ = {isa = PBXBuildFile; fileRef = 4C6C53F62877FCF4009DABC8 /* ListTableViewController.swift */; };
		4C6C53F928780BE7009DABC8 /* CategoryViewModel.swift in Sources */ = {isa = PBXBuildFile; fileRef = 4C6C53F828780BE7009DABC8 /* CategoryViewModel.swift */; };
		4C6C53FB28781131009DABC8 /* MainQueueDispatchDecorator.swift in Sources */ = {isa = PBXBuildFile; fileRef = 4C6C53FA28781131009DABC8 /* MainQueueDispatchDecorator.swift */; };
		4C6C53FE2878155E009DABC8 /* Alertable.swift in Sources */ = {isa = PBXBuildFile; fileRef = 4C6C53FD2878155E009DABC8 /* Alertable.swift */; };
		4CA7CA342874A5B40078E464 /* BookTableViewCell.swift in Sources */ = {isa = PBXBuildFile; fileRef = 4CA7CA322874A5B40078E464 /* BookTableViewCell.swift */; };
		4CA7CA352874A5B40078E464 /* BookTableViewCell.xib in Resources */ = {isa = PBXBuildFile; fileRef = 4CA7CA332874A5B40078E464 /* BookTableViewCell.xib */; };
		4CA7CA392874A8DD0078E464 /* HouseTableViewCell.swift in Sources */ = {isa = PBXBuildFile; fileRef = 4CA7CA372874A8DD0078E464 /* HouseTableViewCell.swift */; };
		4CA7CA3A2874A8DD0078E464 /* HouseTableViewCell.xib in Resources */ = {isa = PBXBuildFile; fileRef = 4CA7CA382874A8DD0078E464 /* HouseTableViewCell.xib */; };
		4CA7CA3E2874AAED0078E464 /* CharacterTableViewCell.swift in Sources */ = {isa = PBXBuildFile; fileRef = 4CA7CA3C2874AAED0078E464 /* CharacterTableViewCell.swift */; };
		4CA7CA3F2874AAED0078E464 /* CharacterTableViewCell.xib in Resources */ = {isa = PBXBuildFile; fileRef = 4CA7CA3D2874AAED0078E464 /* CharacterTableViewCell.xib */; };
		4CA7CA492874C3580078E464 /* CategoryCellController.swift in Sources */ = {isa = PBXBuildFile; fileRef = 4CA7CA482874C3580078E464 /* CategoryCellController.swift */; };
		4CAB661828701ADD000C426F /* HTTPClient.swift in Sources */ = {isa = PBXBuildFile; fileRef = 4CAB661728701ADD000C426F /* HTTPClient.swift */; };
		4CAB661A28701B10000C426F /* CategoryItemsMapper.swift in Sources */ = {isa = PBXBuildFile; fileRef = 4CAB661928701B10000C426F /* CategoryItemsMapper.swift */; };
		4CAB661D28702EF1000C426F /* URLSessionHTTPClientTests.swift in Sources */ = {isa = PBXBuildFile; fileRef = 4CAB661C28702EF1000C426F /* URLSessionHTTPClientTests.swift */; };
		4CAB6620287049A4000C426F /* XCTestCase+MemoryLeackTrackingHelper.swift in Sources */ = {isa = PBXBuildFile; fileRef = 4CAB661F287049A4000C426F /* XCTestCase+MemoryLeackTrackingHelper.swift */; };
		4CAB662228706289000C426F /* URLSessionHTTPClient.swift in Sources */ = {isa = PBXBuildFile; fileRef = 4CAB662128706289000C426F /* URLSessionHTTPClient.swift */; };
		4CAB663728706AC2000C426F /* accenture_assignmentEndToEndTests.swift in Sources */ = {isa = PBXBuildFile; fileRef = 4CAB663628706AC2000C426F /* accenture_assignmentEndToEndTests.swift */; };
		4CAB663D28706F82000C426F /* XCTestCase+MemoryLeackTrackingHelper.swift in Sources */ = {isa = PBXBuildFile; fileRef = 4CAB661F287049A4000C426F /* XCTestCase+MemoryLeackTrackingHelper.swift */; };
		4CAB6640287098D4000C426F /* CacheCategoriesUseCaseTests.swift in Sources */ = {isa = PBXBuildFile; fileRef = 4CAB663F287098D4000C426F /* CacheCategoriesUseCaseTests.swift */; };
		4CAB66432870AACD000C426F /* LocalCategoryLoader.swift in Sources */ = {isa = PBXBuildFile; fileRef = 4CAB66422870AACD000C426F /* LocalCategoryLoader.swift */; };
		4CAB66452870AB48000C426F /* CategoryStore.swift in Sources */ = {isa = PBXBuildFile; fileRef = 4CAB66442870AB48000C426F /* CategoryStore.swift */; };
		4CAB66472870B6C7000C426F /* RemoteCategoryItem.swift in Sources */ = {isa = PBXBuildFile; fileRef = 4CAB66462870B6C7000C426F /* RemoteCategoryItem.swift */; };
		4CAB66492870B704000C426F /* LocalCategoryItem.swift in Sources */ = {isa = PBXBuildFile; fileRef = 4CAB66482870B704000C426F /* LocalCategoryItem.swift */; };
		4CAB664B2870B9E2000C426F /* LoadCategoryFromCahceUseCaseTests.swift in Sources */ = {isa = PBXBuildFile; fileRef = 4CAB664A2870B9E2000C426F /* LoadCategoryFromCahceUseCaseTests.swift */; };
		4CAB664E2870BAE1000C426F /* CategoryStoreSpy.swift in Sources */ = {isa = PBXBuildFile; fileRef = 4CAB664D2870BAE1000C426F /* CategoryStoreSpy.swift */; };
		4CAB66502870DDEE000C426F /* ValidateCategoriesCacheUseCaseTests.swift in Sources */ = {isa = PBXBuildFile; fileRef = 4CAB664F2870DDEE000C426F /* ValidateCategoriesCacheUseCaseTests.swift */; };
		4CAB66522870E0E0000C426F /* CategoryCacheTestHelpers.swift in Sources */ = {isa = PBXBuildFile; fileRef = 4CAB66512870E0E0000C426F /* CategoryCacheTestHelpers.swift */; };
		4CAB66542870E173000C426F /* SharedTestHelpers.swift in Sources */ = {isa = PBXBuildFile; fileRef = 4CAB66532870E173000C426F /* SharedTestHelpers.swift */; };
		4CAB66562870EA40000C426F /* CategoryCahcePolicy.swift in Sources */ = {isa = PBXBuildFile; fileRef = 4CAB66552870EA40000C426F /* CategoryCahcePolicy.swift */; };
		4CAB66582870F293000C426F /* CodableCateogiresStoreTests.swift in Sources */ = {isa = PBXBuildFile; fileRef = 4CAB66572870F293000C426F /* CodableCateogiresStoreTests.swift */; };
		4CAB665A28716D14000C426F /* CodableCategoryStore.swift in Sources */ = {isa = PBXBuildFile; fileRef = 4CAB665928716D14000C426F /* CodableCategoryStore.swift */; };
		4CAB665D28717463000C426F /* CategoriesViewController.swift in Sources */ = {isa = PBXBuildFile; fileRef = 4CAB665C28717463000C426F /* CategoriesViewController.swift */; };
		4CAB666C28717D42000C426F /* CategoriesViewControllerTests.swift in Sources */ = {isa = PBXBuildFile; fileRef = 4CAB666B28717D42000C426F /* CategoriesViewControllerTests.swift */; };
		4CAB666D28717FB9000C426F /* XCTestCase+MemoryLeackTrackingHelper.swift in Sources */ = {isa = PBXBuildFile; fileRef = 4CAB661F287049A4000C426F /* XCTestCase+MemoryLeackTrackingHelper.swift */; };
		4CAB66832871AA3B000C426F /* CategoryLoaderWithFallbackComposite.swift in Sources */ = {isa = PBXBuildFile; fileRef = 4CAB66822871AA3B000C426F /* CategoryLoaderWithFallbackComposite.swift */; };
		4CAB66852871AB42000C426F /* CategoryLoaderWithFallbackCompositeTests.swift in Sources */ = {isa = PBXBuildFile; fileRef = 4CAB667F28719DD0000C426F /* CategoryLoaderWithFallbackCompositeTests.swift */; };
		4CAB66892871BA0F000C426F /* CategoryLoaderCacheDecoratorTests.swift in Sources */ = {isa = PBXBuildFile; fileRef = 4CAB66882871BA0F000C426F /* CategoryLoaderCacheDecoratorTests.swift */; };
		4CAB668C2871BB9F000C426F /* CategoryLoaderStub.swift in Sources */ = {isa = PBXBuildFile; fileRef = 4CAB668B2871BB9F000C426F /* CategoryLoaderStub.swift */; };
		4CAB668E2871BD88000C426F /* XCTestCase+CategoryLoader.swift in Sources */ = {isa = PBXBuildFile; fileRef = 4CAB668D2871BD88000C426F /* XCTestCase+CategoryLoader.swift */; };
		4CAB66902871C3A0000C426F /* CategoryCache.swift in Sources */ = {isa = PBXBuildFile; fileRef = 4CAB668F2871C3A0000C426F /* CategoryCache.swift */; };
		4CAB66922871C435000C426F /* CategoryLoaderCacheDecorator.swift in Sources */ = {isa = PBXBuildFile; fileRef = 4CAB66912871C435000C426F /* CategoryLoaderCacheDecorator.swift */; };
		4CAB66952871C9D9000C426F /* CategoryAcceptenceTests.swift in Sources */ = {isa = PBXBuildFile; fileRef = 4CAB66942871C9D9000C426F /* CategoryAcceptenceTests.swift */; };
		4CAB66972871D61F000C426F /* Endpoints.swift in Sources */ = {isa = PBXBuildFile; fileRef = 4CAB66962871D61F000C426F /* Endpoints.swift */; };
		4CAB66992871D7C3000C426F /* EndpointTests.swift in Sources */ = {isa = PBXBuildFile; fileRef = 4CAB66982871D7C3000C426F /* EndpointTests.swift */; };
		4CAB66A32871DAE5000C426F /* BooksMapperTests.swift in Sources */ = {isa = PBXBuildFile; fileRef = 4CAB66A22871DAE5000C426F /* BooksMapperTests.swift */; };
		4CAB66AA2871DBBF000C426F /* BookLoader.swift in Sources */ = {isa = PBXBuildFile; fileRef = 4CAB66A92871DBBF000C426F /* BookLoader.swift */; };
		4CAB66AC2871DBE6000C426F /* BookItem.swift in Sources */ = {isa = PBXBuildFile; fileRef = 4CAB66AB2871DBE6000C426F /* BookItem.swift */; };
		4CAB66B12871DE4F000C426F /* BooksItemMapper.swift in Sources */ = {isa = PBXBuildFile; fileRef = 4CAB66B02871DE4F000C426F /* BooksItemMapper.swift */; };
/* End PBXBuildFile section */

/* Begin PBXContainerItemProxy section */
		4C233B70286E065900E5C13C /* PBXContainerItemProxy */ = {
			isa = PBXContainerItemProxy;
			containerPortal = 4C233B51286E065800E5C13C /* Project object */;
			proxyType = 1;
			remoteGlobalIDString = 4C233B58286E065800E5C13C;
			remoteInfo = "accenture-assignment";
		};
		4CAB663828706AC2000C426F /* PBXContainerItemProxy */ = {
			isa = PBXContainerItemProxy;
			containerPortal = 4C233B51286E065800E5C13C /* Project object */;
			proxyType = 1;
			remoteGlobalIDString = 4C233B58286E065800E5C13C;
			remoteInfo = "accenture-assignment";
		};
		4CAB666628717D1F000C426F /* PBXContainerItemProxy */ = {
			isa = PBXContainerItemProxy;
			containerPortal = 4C233B51286E065800E5C13C /* Project object */;
			proxyType = 1;
			remoteGlobalIDString = 4C233B58286E065800E5C13C;
			remoteInfo = "accenture-assignment";
		};
/* End PBXContainerItemProxy section */

/* Begin PBXFileReference section */
		4C16ABB22871EE660091BB89 /* HTTPClientSpy.swift */ = {isa = PBXFileReference; lastKnownFileType = sourcecode.swift; path = HTTPClientSpy.swift; sourceTree = "<group>"; };
		4C16ABB52871F0FC0091BB89 /* RemoteLoaderTests.swift */ = {isa = PBXFileReference; lastKnownFileType = sourcecode.swift; path = RemoteLoaderTests.swift; sourceTree = "<group>"; };
		4C16ABB72871F16F0091BB89 /* RemoteLoader.swift */ = {isa = PBXFileReference; lastKnownFileType = sourcecode.swift; path = RemoteLoader.swift; sourceTree = "<group>"; };
		4C16ABBB28734C8C0091BB89 /* HouseItem.swift */ = {isa = PBXFileReference; lastKnownFileType = sourcecode.swift; path = HouseItem.swift; sourceTree = "<group>"; };
		4C16ABBF28734DDD0091BB89 /* HouseLoader.swift */ = {isa = PBXFileReference; lastKnownFileType = sourcecode.swift; path = HouseLoader.swift; sourceTree = "<group>"; };
		4C16ABC228734E410091BB89 /* HouseItemMapper.swift */ = {isa = PBXFileReference; lastKnownFileType = sourcecode.swift; path = HouseItemMapper.swift; sourceTree = "<group>"; };
		4C16ABC428734ED00091BB89 /* HoouseMapperTests.swift */ = {isa = PBXFileReference; lastKnownFileType = sourcecode.swift; path = HoouseMapperTests.swift; sourceTree = "<group>"; };
		4C16ABC8287351A50091BB89 /* CharacterItem.swift */ = {isa = PBXFileReference; lastKnownFileType = sourcecode.swift; path = CharacterItem.swift; sourceTree = "<group>"; };
		4C16ABCA287352950091BB89 /* CharacterItemMapper.swift */ = {isa = PBXFileReference; lastKnownFileType = sourcecode.swift; path = CharacterItemMapper.swift; sourceTree = "<group>"; };
		4C16ABCE287353CB0091BB89 /* CharacterMapperTests.swift */ = {isa = PBXFileReference; lastKnownFileType = sourcecode.swift; path = CharacterMapperTests.swift; sourceTree = "<group>"; };
		4C233B59286E065800E5C13C /* accenture-assignment.app */ = {isa = PBXFileReference; explicitFileType = wrapper.application; includeInIndex = 0; path = "accenture-assignment.app"; sourceTree = BUILT_PRODUCTS_DIR; };
		4C233B5C286E065800E5C13C /* AppDelegate.swift */ = {isa = PBXFileReference; lastKnownFileType = sourcecode.swift; path = AppDelegate.swift; sourceTree = "<group>"; };
		4C233B5E286E065800E5C13C /* SceneDelegate.swift */ = {isa = PBXFileReference; lastKnownFileType = sourcecode.swift; path = SceneDelegate.swift; sourceTree = "<group>"; };
		4C233B65286E065900E5C13C /* Assets.xcassets */ = {isa = PBXFileReference; lastKnownFileType = folder.assetcatalog; path = Assets.xcassets; sourceTree = "<group>"; };
		4C233B68286E065900E5C13C /* Base */ = {isa = PBXFileReference; lastKnownFileType = file.storyboard; name = Base; path = Base.lproj/LaunchScreen.storyboard; sourceTree = "<group>"; };
		4C233B6A286E065900E5C13C /* Info.plist */ = {isa = PBXFileReference; lastKnownFileType = text.plist.xml; path = Info.plist; sourceTree = "<group>"; };
		4C233B6F286E065900E5C13C /* accenture-assignmentTests.xctest */ = {isa = PBXFileReference; explicitFileType = wrapper.cfbundle; includeInIndex = 0; path = "accenture-assignmentTests.xctest"; sourceTree = BUILT_PRODUCTS_DIR; };
		4C233B8C286E115A00E5C13C /* CategoryItem.swift */ = {isa = PBXFileReference; lastKnownFileType = sourcecode.swift; path = CategoryItem.swift; sourceTree = "<group>"; };
		4C233B90286E11E800E5C13C /* CategoryLoader.swift */ = {isa = PBXFileReference; lastKnownFileType = sourcecode.swift; path = CategoryLoader.swift; sourceTree = "<group>"; };
		4C233B93286E142E00E5C13C /* CategoriesMapperTests.swift */ = {isa = PBXFileReference; lastKnownFileType = sourcecode.swift; path = CategoriesMapperTests.swift; sourceTree = "<group>"; };
		4C6C53F62877FCF4009DABC8 /* ListTableViewController.swift */ = {isa = PBXFileReference; lastKnownFileType = sourcecode.swift; path = ListTableViewController.swift; sourceTree = "<group>"; };
		4C6C53F828780BE7009DABC8 /* CategoryViewModel.swift */ = {isa = PBXFileReference; lastKnownFileType = sourcecode.swift; path = CategoryViewModel.swift; sourceTree = "<group>"; };
		4C6C53FA28781131009DABC8 /* MainQueueDispatchDecorator.swift */ = {isa = PBXFileReference; lastKnownFileType = sourcecode.swift; path = MainQueueDispatchDecorator.swift; sourceTree = "<group>"; };
		4C6C53FD2878155E009DABC8 /* Alertable.swift */ = {isa = PBXFileReference; lastKnownFileType = sourcecode.swift; path = Alertable.swift; sourceTree = "<group>"; };
		4CA7CA322874A5B40078E464 /* BookTableViewCell.swift */ = {isa = PBXFileReference; lastKnownFileType = sourcecode.swift; path = BookTableViewCell.swift; sourceTree = "<group>"; };
		4CA7CA332874A5B40078E464 /* BookTableViewCell.xib */ = {isa = PBXFileReference; lastKnownFileType = file.xib; path = BookTableViewCell.xib; sourceTree = "<group>"; };
		4CA7CA372874A8DD0078E464 /* HouseTableViewCell.swift */ = {isa = PBXFileReference; lastKnownFileType = sourcecode.swift; path = HouseTableViewCell.swift; sourceTree = "<group>"; };
		4CA7CA382874A8DD0078E464 /* HouseTableViewCell.xib */ = {isa = PBXFileReference; lastKnownFileType = file.xib; path = HouseTableViewCell.xib; sourceTree = "<group>"; };
		4CA7CA3C2874AAED0078E464 /* CharacterTableViewCell.swift */ = {isa = PBXFileReference; lastKnownFileType = sourcecode.swift; path = CharacterTableViewCell.swift; sourceTree = "<group>"; };
		4CA7CA3D2874AAED0078E464 /* CharacterTableViewCell.xib */ = {isa = PBXFileReference; lastKnownFileType = file.xib; path = CharacterTableViewCell.xib; sourceTree = "<group>"; };
		4CA7CA482874C3580078E464 /* CategoryCellController.swift */ = {isa = PBXFileReference; lastKnownFileType = sourcecode.swift; path = CategoryCellController.swift; sourceTree = "<group>"; };
		4CAB661728701ADD000C426F /* HTTPClient.swift */ = {isa = PBXFileReference; lastKnownFileType = sourcecode.swift; path = HTTPClient.swift; sourceTree = "<group>"; };
		4CAB661928701B10000C426F /* CategoryItemsMapper.swift */ = {isa = PBXFileReference; lastKnownFileType = sourcecode.swift; path = CategoryItemsMapper.swift; sourceTree = "<group>"; };
		4CAB661C28702EF1000C426F /* URLSessionHTTPClientTests.swift */ = {isa = PBXFileReference; lastKnownFileType = sourcecode.swift; path = URLSessionHTTPClientTests.swift; sourceTree = "<group>"; };
		4CAB661F287049A4000C426F /* XCTestCase+MemoryLeackTrackingHelper.swift */ = {isa = PBXFileReference; lastKnownFileType = sourcecode.swift; path = "XCTestCase+MemoryLeackTrackingHelper.swift"; sourceTree = "<group>"; };
		4CAB662128706289000C426F /* URLSessionHTTPClient.swift */ = {isa = PBXFileReference; lastKnownFileType = sourcecode.swift; path = URLSessionHTTPClient.swift; sourceTree = "<group>"; };
		4CAB663428706AC2000C426F /* accenture-assignmentEndToEndTests.xctest */ = {isa = PBXFileReference; explicitFileType = wrapper.cfbundle; includeInIndex = 0; path = "accenture-assignmentEndToEndTests.xctest"; sourceTree = BUILT_PRODUCTS_DIR; };
		4CAB663628706AC2000C426F /* accenture_assignmentEndToEndTests.swift */ = {isa = PBXFileReference; lastKnownFileType = sourcecode.swift; path = accenture_assignmentEndToEndTests.swift; sourceTree = "<group>"; };
		4CAB663F287098D4000C426F /* CacheCategoriesUseCaseTests.swift */ = {isa = PBXFileReference; lastKnownFileType = sourcecode.swift; path = CacheCategoriesUseCaseTests.swift; sourceTree = "<group>"; };
		4CAB66422870AACD000C426F /* LocalCategoryLoader.swift */ = {isa = PBXFileReference; lastKnownFileType = sourcecode.swift; path = LocalCategoryLoader.swift; sourceTree = "<group>"; };
		4CAB66442870AB48000C426F /* CategoryStore.swift */ = {isa = PBXFileReference; lastKnownFileType = sourcecode.swift; path = CategoryStore.swift; sourceTree = "<group>"; };
		4CAB66462870B6C7000C426F /* RemoteCategoryItem.swift */ = {isa = PBXFileReference; lastKnownFileType = sourcecode.swift; path = RemoteCategoryItem.swift; sourceTree = "<group>"; };
		4CAB66482870B704000C426F /* LocalCategoryItem.swift */ = {isa = PBXFileReference; lastKnownFileType = sourcecode.swift; path = LocalCategoryItem.swift; sourceTree = "<group>"; };
		4CAB664A2870B9E2000C426F /* LoadCategoryFromCahceUseCaseTests.swift */ = {isa = PBXFileReference; lastKnownFileType = sourcecode.swift; path = LoadCategoryFromCahceUseCaseTests.swift; sourceTree = "<group>"; };
		4CAB664D2870BAE1000C426F /* CategoryStoreSpy.swift */ = {isa = PBXFileReference; lastKnownFileType = sourcecode.swift; path = CategoryStoreSpy.swift; sourceTree = "<group>"; };
		4CAB664F2870DDEE000C426F /* ValidateCategoriesCacheUseCaseTests.swift */ = {isa = PBXFileReference; lastKnownFileType = sourcecode.swift; path = ValidateCategoriesCacheUseCaseTests.swift; sourceTree = "<group>"; };
		4CAB66512870E0E0000C426F /* CategoryCacheTestHelpers.swift */ = {isa = PBXFileReference; lastKnownFileType = sourcecode.swift; path = CategoryCacheTestHelpers.swift; sourceTree = "<group>"; };
		4CAB66532870E173000C426F /* SharedTestHelpers.swift */ = {isa = PBXFileReference; lastKnownFileType = sourcecode.swift; path = SharedTestHelpers.swift; sourceTree = "<group>"; };
		4CAB66552870EA40000C426F /* CategoryCahcePolicy.swift */ = {isa = PBXFileReference; lastKnownFileType = sourcecode.swift; path = CategoryCahcePolicy.swift; sourceTree = "<group>"; };
		4CAB66572870F293000C426F /* CodableCateogiresStoreTests.swift */ = {isa = PBXFileReference; lastKnownFileType = sourcecode.swift; path = CodableCateogiresStoreTests.swift; sourceTree = "<group>"; };
		4CAB665928716D14000C426F /* CodableCategoryStore.swift */ = {isa = PBXFileReference; lastKnownFileType = sourcecode.swift; path = CodableCategoryStore.swift; sourceTree = "<group>"; };
		4CAB665C28717463000C426F /* CategoriesViewController.swift */ = {isa = PBXFileReference; lastKnownFileType = sourcecode.swift; path = CategoriesViewController.swift; sourceTree = "<group>"; };
		4CAB666228717D1E000C426F /* accenture-assignmentUITests.xctest */ = {isa = PBXFileReference; explicitFileType = wrapper.cfbundle; includeInIndex = 0; path = "accenture-assignmentUITests.xctest"; sourceTree = BUILT_PRODUCTS_DIR; };
		4CAB666B28717D42000C426F /* CategoriesViewControllerTests.swift */ = {isa = PBXFileReference; lastKnownFileType = sourcecode.swift; path = CategoriesViewControllerTests.swift; sourceTree = "<group>"; };
		4CAB667F28719DD0000C426F /* CategoryLoaderWithFallbackCompositeTests.swift */ = {isa = PBXFileReference; lastKnownFileType = sourcecode.swift; path = CategoryLoaderWithFallbackCompositeTests.swift; sourceTree = "<group>"; };
		4CAB66822871AA3B000C426F /* CategoryLoaderWithFallbackComposite.swift */ = {isa = PBXFileReference; lastKnownFileType = sourcecode.swift; path = CategoryLoaderWithFallbackComposite.swift; sourceTree = "<group>"; };
		4CAB66882871BA0F000C426F /* CategoryLoaderCacheDecoratorTests.swift */ = {isa = PBXFileReference; lastKnownFileType = sourcecode.swift; path = CategoryLoaderCacheDecoratorTests.swift; sourceTree = "<group>"; };
		4CAB668B2871BB9F000C426F /* CategoryLoaderStub.swift */ = {isa = PBXFileReference; lastKnownFileType = sourcecode.swift; path = CategoryLoaderStub.swift; sourceTree = "<group>"; };
		4CAB668D2871BD88000C426F /* XCTestCase+CategoryLoader.swift */ = {isa = PBXFileReference; lastKnownFileType = sourcecode.swift; path = "XCTestCase+CategoryLoader.swift"; sourceTree = "<group>"; };
		4CAB668F2871C3A0000C426F /* CategoryCache.swift */ = {isa = PBXFileReference; lastKnownFileType = sourcecode.swift; path = CategoryCache.swift; sourceTree = "<group>"; };
		4CAB66912871C435000C426F /* CategoryLoaderCacheDecorator.swift */ = {isa = PBXFileReference; lastKnownFileType = sourcecode.swift; path = CategoryLoaderCacheDecorator.swift; sourceTree = "<group>"; };
		4CAB66942871C9D9000C426F /* CategoryAcceptenceTests.swift */ = {isa = PBXFileReference; lastKnownFileType = sourcecode.swift; path = CategoryAcceptenceTests.swift; sourceTree = "<group>"; };
		4CAB66962871D61F000C426F /* Endpoints.swift */ = {isa = PBXFileReference; lastKnownFileType = sourcecode.swift; path = Endpoints.swift; sourceTree = "<group>"; };
		4CAB66982871D7C3000C426F /* EndpointTests.swift */ = {isa = PBXFileReference; lastKnownFileType = sourcecode.swift; path = EndpointTests.swift; sourceTree = "<group>"; };
		4CAB66A22871DAE5000C426F /* BooksMapperTests.swift */ = {isa = PBXFileReference; lastKnownFileType = sourcecode.swift; path = BooksMapperTests.swift; sourceTree = "<group>"; };
		4CAB66A92871DBBF000C426F /* BookLoader.swift */ = {isa = PBXFileReference; lastKnownFileType = sourcecode.swift; path = BookLoader.swift; sourceTree = "<group>"; };
		4CAB66AB2871DBE6000C426F /* BookItem.swift */ = {isa = PBXFileReference; lastKnownFileType = sourcecode.swift; path = BookItem.swift; sourceTree = "<group>"; };
		4CAB66B02871DE4F000C426F /* BooksItemMapper.swift */ = {isa = PBXFileReference; lastKnownFileType = sourcecode.swift; path = BooksItemMapper.swift; sourceTree = "<group>"; };
/* End PBXFileReference section */

/* Begin PBXFrameworksBuildPhase section */
		4C233B56286E065800E5C13C /* Frameworks */ = {
			isa = PBXFrameworksBuildPhase;
			buildActionMask = 2147483647;
			files = (
			);
			runOnlyForDeploymentPostprocessing = 0;
		};
		4C233B6C286E065900E5C13C /* Frameworks */ = {
			isa = PBXFrameworksBuildPhase;
			buildActionMask = 2147483647;
			files = (
			);
			runOnlyForDeploymentPostprocessing = 0;
		};
		4CAB663128706AC2000C426F /* Frameworks */ = {
			isa = PBXFrameworksBuildPhase;
			buildActionMask = 2147483647;
			files = (
			);
			runOnlyForDeploymentPostprocessing = 0;
		};
		4CAB665F28717D1E000C426F /* Frameworks */ = {
			isa = PBXFrameworksBuildPhase;
			buildActionMask = 2147483647;
			files = (
			);
			runOnlyForDeploymentPostprocessing = 0;
		};
/* End PBXFrameworksBuildPhase section */

/* Begin PBXGroup section */
		4C16ABB42871EECC0091BB89 /* Shared API Infra */ = {
			isa = PBXGroup;
			children = (
				4CAB661C28702EF1000C426F /* URLSessionHTTPClientTests.swift */,
			);
			path = "Shared API Infra";
			sourceTree = "<group>";
		};
		4C16ABBA28734C770091BB89 /* Hous Feature */ = {
			isa = PBXGroup;
			children = (
				4C16ABBB28734C8C0091BB89 /* HouseItem.swift */,
				4C16ABBF28734DDD0091BB89 /* HouseLoader.swift */,
			);
			path = "Hous Feature";
			sourceTree = "<group>";
		};
		4C16ABC128734E320091BB89 /* House API */ = {
			isa = PBXGroup;
			children = (
				4C16ABC228734E410091BB89 /* HouseItemMapper.swift */,
			);
			path = "House API";
			sourceTree = "<group>";
		};
		4C16ABC6287351740091BB89 /* Character API */ = {
			isa = PBXGroup;
			children = (
				4C16ABCA287352950091BB89 /* CharacterItemMapper.swift */,
			);
			path = "Character API";
			sourceTree = "<group>";
		};
		4C16ABC72873518F0091BB89 /* Character Feature */ = {
			isa = PBXGroup;
			children = (
				4C16ABC8287351A50091BB89 /* CharacterItem.swift */,
			);
			path = "Character Feature";
			sourceTree = "<group>";
		};
		4C233B50286E065800E5C13C = {
			isa = PBXGroup;
			children = (
				4C233B5B286E065800E5C13C /* accenture-assignment */,
				4C233B72286E065900E5C13C /* accenture-assignmentTests */,
				4CAB663528706AC2000C426F /* accenture-assignmentEndToEndTests */,
				4CAB666328717D1F000C426F /* accenture-assignmentUITests */,
				4C233B5A286E065800E5C13C /* Products */,
			);
			sourceTree = "<group>";
		};
		4C233B5A286E065800E5C13C /* Products */ = {
			isa = PBXGroup;
			children = (
				4C233B59286E065800E5C13C /* accenture-assignment.app */,
				4C233B6F286E065900E5C13C /* accenture-assignmentTests.xctest */,
				4CAB663428706AC2000C426F /* accenture-assignmentEndToEndTests.xctest */,
				4CAB666228717D1E000C426F /* accenture-assignmentUITests.xctest */,
			);
			name = Products;
			sourceTree = "<group>";
		};
		4C233B5B286E065800E5C13C /* accenture-assignment */ = {
			isa = PBXGroup;
			children = (
				4CAB66412870AAB9000C426F /* Category Cach */,
				4CAB66AF2871DE27000C426F /* APIs */,
				4CAB66B42871DE85000C426F /* Features */,
				4CA7CA2B28749E550078E464 /* UI */,
				4C233B5C286E065800E5C13C /* AppDelegate.swift */,
				4C233B5E286E065800E5C13C /* SceneDelegate.swift */,
				4C233B65286E065900E5C13C /* Assets.xcassets */,
				4C233B67286E065900E5C13C /* LaunchScreen.storyboard */,
				4C233B6A286E065900E5C13C /* Info.plist */,
				4CAB66822871AA3B000C426F /* CategoryLoaderWithFallbackComposite.swift */,
				4CAB66912871C435000C426F /* CategoryLoaderCacheDecorator.swift */,
			);
			path = "accenture-assignment";
			sourceTree = "<group>";
		};
		4C233B72286E065900E5C13C /* accenture-assignmentTests */ = {
			isa = PBXGroup;
			children = (
				4CAB66842871AB2E000C426F /* Main */,
				4CAB661E28704984000C426F /* Helpers */,
				4CAB663E287098A6000C426F /* Category Cahce */,
				4CAB669D2871DA87000C426F /* API */,
			);
			path = "accenture-assignmentTests";
			sourceTree = "<group>";
		};
		4C233B92286E138700E5C13C /* Category Feature */ = {
			isa = PBXGroup;
			children = (
				4C233B8C286E115A00E5C13C /* CategoryItem.swift */,
				4C233B90286E11E800E5C13C /* CategoryLoader.swift */,
				4CAB668F2871C3A0000C426F /* CategoryCache.swift */,
			);
			path = "Category Feature";
			sourceTree = "<group>";
		};
		4C6C53F52877FCC7009DABC8 /* Shared UI */ = {
			isa = PBXGroup;
			children = (
				4C6C53F62877FCF4009DABC8 /* ListTableViewController.swift */,
			);
			path = "Shared UI";
			sourceTree = "<group>";
		};
		4C6C53FC28781554009DABC8 /* Helpers */ = {
			isa = PBXGroup;
			children = (
				4C6C53FA28781131009DABC8 /* MainQueueDispatchDecorator.swift */,
				4C6C53FD2878155E009DABC8 /* Alertable.swift */,
			);
			path = Helpers;
			sourceTree = "<group>";
		};
		4CA7CA2B28749E550078E464 /* UI */ = {
			isa = PBXGroup;
			children = (
				4C6C53FC28781554009DABC8 /* Helpers */,
				4C6C53F52877FCC7009DABC8 /* Shared UI */,
				4CA7CA3B2874AADD0078E464 /* Character UI */,
				4CA7CA362874A8CD0078E464 /* House UI */,
				4CA7CA2F2874A2EF0078E464 /* Book UI */,
				4CAB665B287173CA000C426F /* Category UI */,
			);
			path = UI;
			sourceTree = "<group>";
		};
		4CA7CA2F2874A2EF0078E464 /* Book UI */ = {
			isa = PBXGroup;
			children = (
				4CA7CA322874A5B40078E464 /* BookTableViewCell.swift */,
				4CA7CA332874A5B40078E464 /* BookTableViewCell.xib */,
			);
			path = "Book UI";
			sourceTree = "<group>";
		};
		4CA7CA362874A8CD0078E464 /* House UI */ = {
			isa = PBXGroup;
			children = (
				4CA7CA372874A8DD0078E464 /* HouseTableViewCell.swift */,
				4CA7CA382874A8DD0078E464 /* HouseTableViewCell.xib */,
			);
			path = "House UI";
			sourceTree = "<group>";
		};
		4CA7CA3B2874AADD0078E464 /* Character UI */ = {
			isa = PBXGroup;
			children = (
				4CA7CA3C2874AAED0078E464 /* CharacterTableViewCell.swift */,
				4CA7CA3D2874AAED0078E464 /* CharacterTableViewCell.xib */,
			);
			path = "Character UI";
			sourceTree = "<group>";
		};
		4CAB661B28702251000C426F /* Category API */ = {
			isa = PBXGroup;
			children = (
				4CAB66982871D7C3000C426F /* EndpointTests.swift */,
				4C233B93286E142E00E5C13C /* CategoriesMapperTests.swift */,
			);
			path = "Category API";
			sourceTree = "<group>";
		};
		4CAB661E28704984000C426F /* Helpers */ = {
			isa = PBXGroup;
			children = (
				4CAB661F287049A4000C426F /* XCTestCase+MemoryLeackTrackingHelper.swift */,
				4CAB66532870E173000C426F /* SharedTestHelpers.swift */,
			);
			path = Helpers;
			sourceTree = "<group>";
		};
		4CAB663528706AC2000C426F /* accenture-assignmentEndToEndTests */ = {
			isa = PBXGroup;
			children = (
				4CAB663628706AC2000C426F /* accenture_assignmentEndToEndTests.swift */,
			);
			path = "accenture-assignmentEndToEndTests";
			sourceTree = "<group>";
		};
		4CAB663E287098A6000C426F /* Category Cahce */ = {
			isa = PBXGroup;
			children = (
				4CAB664C2870BAD5000C426F /* Helpers */,
				4CAB663F287098D4000C426F /* CacheCategoriesUseCaseTests.swift */,
				4CAB664A2870B9E2000C426F /* LoadCategoryFromCahceUseCaseTests.swift */,
				4CAB664F2870DDEE000C426F /* ValidateCategoriesCacheUseCaseTests.swift */,
				4CAB66572870F293000C426F /* CodableCateogiresStoreTests.swift */,
			);
			path = "Category Cahce";
			sourceTree = "<group>";
		};
		4CAB66412870AAB9000C426F /* Category Cach */ = {
			isa = PBXGroup;
			children = (
				4CAB66422870AACD000C426F /* LocalCategoryLoader.swift */,
				4CAB66552870EA40000C426F /* CategoryCahcePolicy.swift */,
				4CAB66442870AB48000C426F /* CategoryStore.swift */,
				4CAB66482870B704000C426F /* LocalCategoryItem.swift */,
				4CAB665928716D14000C426F /* CodableCategoryStore.swift */,
			);
			path = "Category Cach";
			sourceTree = "<group>";
		};
		4CAB664C2870BAD5000C426F /* Helpers */ = {
			isa = PBXGroup;
			children = (
				4CAB664D2870BAE1000C426F /* CategoryStoreSpy.swift */,
				4CAB66512870E0E0000C426F /* CategoryCacheTestHelpers.swift */,
			);
			path = Helpers;
			sourceTree = "<group>";
		};
		4CAB665B287173CA000C426F /* Category UI */ = {
			isa = PBXGroup;
			children = (
				4CAB665C28717463000C426F /* CategoriesViewController.swift */,
				4C6C53F828780BE7009DABC8 /* CategoryViewModel.swift */,
				4CA7CA482874C3580078E464 /* CategoryCellController.swift */,
			);
			path = "Category UI";
			sourceTree = "<group>";
		};
		4CAB666328717D1F000C426F /* accenture-assignmentUITests */ = {
			isa = PBXGroup;
			children = (
				4CAB666B28717D42000C426F /* CategoriesViewControllerTests.swift */,
			);
			path = "accenture-assignmentUITests";
			sourceTree = "<group>";
		};
		4CAB66842871AB2E000C426F /* Main */ = {
			isa = PBXGroup;
			children = (
				4CAB668A2871BB94000C426F /* Helpers */,
				4CAB667F28719DD0000C426F /* CategoryLoaderWithFallbackCompositeTests.swift */,
				4CAB66882871BA0F000C426F /* CategoryLoaderCacheDecoratorTests.swift */,
				4CAB66942871C9D9000C426F /* CategoryAcceptenceTests.swift */,
			);
			path = Main;
			sourceTree = "<group>";
		};
		4CAB668A2871BB94000C426F /* Helpers */ = {
			isa = PBXGroup;
			children = (
				4CAB668B2871BB9F000C426F /* CategoryLoaderStub.swift */,
				4CAB668D2871BD88000C426F /* XCTestCase+CategoryLoader.swift */,
			);
			path = Helpers;
			sourceTree = "<group>";
		};
		4CAB669A2871D994000C426F /* Infrastructure */ = {
			isa = PBXGroup;
			children = (
				4CAB662128706289000C426F /* URLSessionHTTPClient.swift */,
			);
			path = Infrastructure;
			sourceTree = "<group>";
		};
		4CAB669B2871D9C0000C426F /* Shared API */ = {
			isa = PBXGroup;
			children = (
				4CAB669A2871D994000C426F /* Infrastructure */,
				4CAB661728701ADD000C426F /* HTTPClient.swift */,
				4C16ABB72871F16F0091BB89 /* RemoteLoader.swift */,
			);
			path = "Shared API";
			sourceTree = "<group>";
		};
		4CAB669C2871D9D7000C426F /* Book API */ = {
			isa = PBXGroup;
			children = (
				4CAB66B02871DE4F000C426F /* BooksItemMapper.swift */,
			);
			path = "Book API";
			sourceTree = "<group>";
		};
		4CAB669D2871DA87000C426F /* API */ = {
			isa = PBXGroup;
			children = (
				4C16ABB42871EECC0091BB89 /* Shared API Infra */,
				4CAB66A12871DACF000C426F /* Shared API */,
				4CAB66A02871DAA0000C426F /* Character API */,
				4CAB669F2871DA94000C426F /* House API */,
				4CAB669E2871DA8C000C426F /* Book API */,
				4CAB661B28702251000C426F /* Category API */,
			);
			path = API;
			sourceTree = "<group>";
		};
		4CAB669E2871DA8C000C426F /* Book API */ = {
			isa = PBXGroup;
			children = (
				4CAB66A22871DAE5000C426F /* BooksMapperTests.swift */,
			);
			path = "Book API";
			sourceTree = "<group>";
		};
		4CAB669F2871DA94000C426F /* House API */ = {
			isa = PBXGroup;
			children = (
				4C16ABC428734ED00091BB89 /* HoouseMapperTests.swift */,
			);
			path = "House API";
			sourceTree = "<group>";
		};
		4CAB66A02871DAA0000C426F /* Character API */ = {
			isa = PBXGroup;
			children = (
				4C16ABCE287353CB0091BB89 /* CharacterMapperTests.swift */,
			);
			path = "Character API";
			sourceTree = "<group>";
		};
		4CAB66A12871DACF000C426F /* Shared API */ = {
			isa = PBXGroup;
			children = (
				4C16ABB22871EE660091BB89 /* HTTPClientSpy.swift */,
				4C16ABB52871F0FC0091BB89 /* RemoteLoaderTests.swift */,
			);
			path = "Shared API";
			sourceTree = "<group>";
		};
		4CAB66A82871DBB1000C426F /* Book Feature */ = {
			isa = PBXGroup;
			children = (
				4CAB66AB2871DBE6000C426F /* BookItem.swift */,
				4CAB66A92871DBBF000C426F /* BookLoader.swift */,
			);
			path = "Book Feature";
			sourceTree = "<group>";
		};
		4CAB66AF2871DE27000C426F /* APIs */ = {
			isa = PBXGroup;
			children = (
				4CAB669B2871D9C0000C426F /* Shared API */,
				4CDCEDCF286E25C900DF3AAA /* Category API */,
				4CAB669C2871D9D7000C426F /* Book API */,
				4C16ABC128734E320091BB89 /* House API */,
				4C16ABC6287351740091BB89 /* Character API */,
			);
			path = APIs;
			sourceTree = "<group>";
		};
		4CAB66B42871DE85000C426F /* Features */ = {
			isa = PBXGroup;
			children = (
				4C16ABC72873518F0091BB89 /* Character Feature */,
				4C16ABBA28734C770091BB89 /* Hous Feature */,
				4C233B92286E138700E5C13C /* Category Feature */,
				4CAB66A82871DBB1000C426F /* Book Feature */,
			);
			path = Features;
			sourceTree = "<group>";
		};
		4CDCEDCF286E25C900DF3AAA /* Category API */ = {
			isa = PBXGroup;
			children = (
				4CAB66962871D61F000C426F /* Endpoints.swift */,
				4CAB661928701B10000C426F /* CategoryItemsMapper.swift */,
				4CAB66462870B6C7000C426F /* RemoteCategoryItem.swift */,
			);
			path = "Category API";
			sourceTree = "<group>";
		};
/* End PBXGroup section */

/* Begin PBXNativeTarget section */
		4C233B58286E065800E5C13C /* accenture-assignment */ = {
			isa = PBXNativeTarget;
			buildConfigurationList = 4C233B83286E065900E5C13C /* Build configuration list for PBXNativeTarget "accenture-assignment" */;
			buildPhases = (
				4C233B55286E065800E5C13C /* Sources */,
				4C233B56286E065800E5C13C /* Frameworks */,
				4C233B57286E065800E5C13C /* Resources */,
			);
			buildRules = (
			);
			dependencies = (
			);
			name = "accenture-assignment";
			productName = "accenture-assignment";
			productReference = 4C233B59286E065800E5C13C /* accenture-assignment.app */;
			productType = "com.apple.product-type.application";
		};
		4C233B6E286E065900E5C13C /* accenture-assignmentTests */ = {
			isa = PBXNativeTarget;
			buildConfigurationList = 4C233B86286E065900E5C13C /* Build configuration list for PBXNativeTarget "accenture-assignmentTests" */;
			buildPhases = (
				4C233B6B286E065900E5C13C /* Sources */,
				4C233B6C286E065900E5C13C /* Frameworks */,
				4C233B6D286E065900E5C13C /* Resources */,
			);
			buildRules = (
			);
			dependencies = (
				4C233B71286E065900E5C13C /* PBXTargetDependency */,
			);
			name = "accenture-assignmentTests";
			productName = "accenture-assignmentTests";
			productReference = 4C233B6F286E065900E5C13C /* accenture-assignmentTests.xctest */;
			productType = "com.apple.product-type.bundle.unit-test";
		};
		4CAB663328706AC2000C426F /* accenture-assignmentEndToEndTests */ = {
			isa = PBXNativeTarget;
			buildConfigurationList = 4CAB663A28706AC2000C426F /* Build configuration list for PBXNativeTarget "accenture-assignmentEndToEndTests" */;
			buildPhases = (
				4CAB663028706AC2000C426F /* Sources */,
				4CAB663128706AC2000C426F /* Frameworks */,
				4CAB663228706AC2000C426F /* Resources */,
			);
			buildRules = (
			);
			dependencies = (
				4CAB663928706AC2000C426F /* PBXTargetDependency */,
			);
			name = "accenture-assignmentEndToEndTests";
			productName = "accenture-assignmentEndToEndTests";
			productReference = 4CAB663428706AC2000C426F /* accenture-assignmentEndToEndTests.xctest */;
			productType = "com.apple.product-type.bundle.unit-test";
		};
		4CAB666128717D1E000C426F /* accenture-assignmentUITests */ = {
			isa = PBXNativeTarget;
			buildConfigurationList = 4CAB666828717D1F000C426F /* Build configuration list for PBXNativeTarget "accenture-assignmentUITests" */;
			buildPhases = (
				4CAB665E28717D1E000C426F /* Sources */,
				4CAB665F28717D1E000C426F /* Frameworks */,
				4CAB666028717D1E000C426F /* Resources */,
			);
			buildRules = (
			);
			dependencies = (
				4CAB666728717D1F000C426F /* PBXTargetDependency */,
			);
			name = "accenture-assignmentUITests";
			productName = "accenture-assignmentUITests";
			productReference = 4CAB666228717D1E000C426F /* accenture-assignmentUITests.xctest */;
			productType = "com.apple.product-type.bundle.unit-test";
		};
/* End PBXNativeTarget section */

/* Begin PBXProject section */
		4C233B51286E065800E5C13C /* Project object */ = {
			isa = PBXProject;
			attributes = {
				BuildIndependentTargetsInParallel = 1;
				LastSwiftUpdateCheck = 1340;
				LastUpgradeCheck = 1340;
				TargetAttributes = {
					4C233B58286E065800E5C13C = {
						CreatedOnToolsVersion = 13.4.1;
					};
					4C233B6E286E065900E5C13C = {
						CreatedOnToolsVersion = 13.4.1;
						LastSwiftMigration = 1340;
						TestTargetID = 4C233B58286E065800E5C13C;
					};
					4CAB663328706AC2000C426F = {
						CreatedOnToolsVersion = 13.4.1;
						TestTargetID = 4C233B58286E065800E5C13C;
					};
					4CAB666128717D1E000C426F = {
						CreatedOnToolsVersion = 13.4.1;
						LastSwiftMigration = 1340;
						TestTargetID = 4C233B58286E065800E5C13C;
					};
				};
			};
			buildConfigurationList = 4C233B54286E065800E5C13C /* Build configuration list for PBXProject "accenture-assignment" */;
			compatibilityVersion = "Xcode 13.0";
			developmentRegion = en;
			hasScannedForEncodings = 0;
			knownRegions = (
				en,
				Base,
			);
			mainGroup = 4C233B50286E065800E5C13C;
			productRefGroup = 4C233B5A286E065800E5C13C /* Products */;
			projectDirPath = "";
			projectRoot = "";
			targets = (
				4C233B58286E065800E5C13C /* accenture-assignment */,
				4C233B6E286E065900E5C13C /* accenture-assignmentTests */,
				4CAB663328706AC2000C426F /* accenture-assignmentEndToEndTests */,
				4CAB666128717D1E000C426F /* accenture-assignmentUITests */,
			);
		};
/* End PBXProject section */

/* Begin PBXResourcesBuildPhase section */
		4C233B57286E065800E5C13C /* Resources */ = {
			isa = PBXResourcesBuildPhase;
			buildActionMask = 2147483647;
			files = (
				4C233B69286E065900E5C13C /* LaunchScreen.storyboard in Resources */,
				4C233B66286E065900E5C13C /* Assets.xcassets in Resources */,
				4CA7CA3F2874AAED0078E464 /* CharacterTableViewCell.xib in Resources */,
				4CA7CA3A2874A8DD0078E464 /* HouseTableViewCell.xib in Resources */,
				4CA7CA352874A5B40078E464 /* BookTableViewCell.xib in Resources */,
			);
			runOnlyForDeploymentPostprocessing = 0;
		};
		4C233B6D286E065900E5C13C /* Resources */ = {
			isa = PBXResourcesBuildPhase;
			buildActionMask = 2147483647;
			files = (
			);
			runOnlyForDeploymentPostprocessing = 0;
		};
		4CAB663228706AC2000C426F /* Resources */ = {
			isa = PBXResourcesBuildPhase;
			buildActionMask = 2147483647;
			files = (
			);
			runOnlyForDeploymentPostprocessing = 0;
		};
		4CAB666028717D1E000C426F /* Resources */ = {
			isa = PBXResourcesBuildPhase;
			buildActionMask = 2147483647;
			files = (
			);
			runOnlyForDeploymentPostprocessing = 0;
		};
/* End PBXResourcesBuildPhase section */

/* Begin PBXSourcesBuildPhase section */
		4C233B55286E065800E5C13C /* Sources */ = {
			isa = PBXSourcesBuildPhase;
			buildActionMask = 2147483647;
			files = (
				4CA7CA342874A5B40078E464 /* BookTableViewCell.swift in Sources */,
				4C16ABC328734E410091BB89 /* HouseItemMapper.swift in Sources */,
				4CAB66902871C3A0000C426F /* CategoryCache.swift in Sources */,
				4CAB66922871C435000C426F /* CategoryLoaderCacheDecorator.swift in Sources */,
				4CAB66562870EA40000C426F /* CategoryCahcePolicy.swift in Sources */,
				4C6C53F928780BE7009DABC8 /* CategoryViewModel.swift in Sources */,
				4C16ABC028734DDD0091BB89 /* HouseLoader.swift in Sources */,
				4CAB66472870B6C7000C426F /* RemoteCategoryItem.swift in Sources */,
				4C233B91286E11E800E5C13C /* CategoryLoader.swift in Sources */,
				4C6C53F72877FCF4009DABC8 /* ListTableViewController.swift in Sources */,
				4C16ABBC28734C8C0091BB89 /* HouseItem.swift in Sources */,
				4CAB66492870B704000C426F /* LocalCategoryItem.swift in Sources */,
				4CA7CA492874C3580078E464 /* CategoryCellController.swift in Sources */,
				4CAB66972871D61F000C426F /* Endpoints.swift in Sources */,
				4C16ABCB287352950091BB89 /* CharacterItemMapper.swift in Sources */,
				4CAB661828701ADD000C426F /* HTTPClient.swift in Sources */,
				4CAB662228706289000C426F /* URLSessionHTTPClient.swift in Sources */,
				4C233B5D286E065800E5C13C /* AppDelegate.swift in Sources */,
				4CAB66AA2871DBBF000C426F /* BookLoader.swift in Sources */,
				4CAB66432870AACD000C426F /* LocalCategoryLoader.swift in Sources */,
				4C233B5F286E065800E5C13C /* SceneDelegate.swift in Sources */,
				4CAB665A28716D14000C426F /* CodableCategoryStore.swift in Sources */,
				4C6C53FB28781131009DABC8 /* MainQueueDispatchDecorator.swift in Sources */,
				4CAB66AC2871DBE6000C426F /* BookItem.swift in Sources */,
				4CA7CA392874A8DD0078E464 /* HouseTableViewCell.swift in Sources */,
				4C233B8D286E115A00E5C13C /* CategoryItem.swift in Sources */,
				4C16ABB82871F16F0091BB89 /* RemoteLoader.swift in Sources */,
				4C16ABC9287351A50091BB89 /* CharacterItem.swift in Sources */,
				4CAB661A28701B10000C426F /* CategoryItemsMapper.swift in Sources */,
				4C6C53FE2878155E009DABC8 /* Alertable.swift in Sources */,
				4CAB66832871AA3B000C426F /* CategoryLoaderWithFallbackComposite.swift in Sources */,
				4CA7CA3E2874AAED0078E464 /* CharacterTableViewCell.swift in Sources */,
				4CAB66B12871DE4F000C426F /* BooksItemMapper.swift in Sources */,
				4CAB66452870AB48000C426F /* CategoryStore.swift in Sources */,
				4CAB665D28717463000C426F /* CategoriesViewController.swift in Sources */,
			);
			runOnlyForDeploymentPostprocessing = 0;
		};
		4C233B6B286E065900E5C13C /* Sources */ = {
			isa = PBXSourcesBuildPhase;
			buildActionMask = 2147483647;
			files = (
				4CAB6620287049A4000C426F /* XCTestCase+MemoryLeackTrackingHelper.swift in Sources */,
				4CAB66892871BA0F000C426F /* CategoryLoaderCacheDecoratorTests.swift in Sources */,
				4C233B94286E142E00E5C13C /* CategoriesMapperTests.swift in Sources */,
				4CAB66582870F293000C426F /* CodableCateogiresStoreTests.swift in Sources */,
				4CAB664E2870BAE1000C426F /* CategoryStoreSpy.swift in Sources */,
				4CAB66952871C9D9000C426F /* CategoryAcceptenceTests.swift in Sources */,
				4CAB664B2870B9E2000C426F /* LoadCategoryFromCahceUseCaseTests.swift in Sources */,
				4C16ABB32871EE660091BB89 /* HTTPClientSpy.swift in Sources */,
				4C16ABCF287353CB0091BB89 /* CharacterMapperTests.swift in Sources */,
				4CAB66A32871DAE5000C426F /* BooksMapperTests.swift in Sources */,
				4C16ABC528734ED00091BB89 /* HoouseMapperTests.swift in Sources */,
				4CAB6640287098D4000C426F /* CacheCategoriesUseCaseTests.swift in Sources */,
				4CAB668C2871BB9F000C426F /* CategoryLoaderStub.swift in Sources */,
				4C16ABB62871F0FC0091BB89 /* RemoteLoaderTests.swift in Sources */,
				4CAB66992871D7C3000C426F /* EndpointTests.swift in Sources */,
				4CAB66542870E173000C426F /* SharedTestHelpers.swift in Sources */,
				4CAB661D28702EF1000C426F /* URLSessionHTTPClientTests.swift in Sources */,
				4CAB66852871AB42000C426F /* CategoryLoaderWithFallbackCompositeTests.swift in Sources */,
				4CAB668E2871BD88000C426F /* XCTestCase+CategoryLoader.swift in Sources */,
				4CAB66522870E0E0000C426F /* CategoryCacheTestHelpers.swift in Sources */,
				4CAB66502870DDEE000C426F /* ValidateCategoriesCacheUseCaseTests.swift in Sources */,
			);
			runOnlyForDeploymentPostprocessing = 0;
		};
		4CAB663028706AC2000C426F /* Sources */ = {
			isa = PBXSourcesBuildPhase;
			buildActionMask = 2147483647;
			files = (
				4CAB663728706AC2000C426F /* accenture_assignmentEndToEndTests.swift in Sources */,
				4CAB663D28706F82000C426F /* XCTestCase+MemoryLeackTrackingHelper.swift in Sources */,
			);
			runOnlyForDeploymentPostprocessing = 0;
		};
		4CAB665E28717D1E000C426F /* Sources */ = {
			isa = PBXSourcesBuildPhase;
			buildActionMask = 2147483647;
			files = (
				4CAB666C28717D42000C426F /* CategoriesViewControllerTests.swift in Sources */,
				4CAB666D28717FB9000C426F /* XCTestCase+MemoryLeackTrackingHelper.swift in Sources */,
			);
			runOnlyForDeploymentPostprocessing = 0;
		};
/* End PBXSourcesBuildPhase section */

/* Begin PBXTargetDependency section */
		4C233B71286E065900E5C13C /* PBXTargetDependency */ = {
			isa = PBXTargetDependency;
			target = 4C233B58286E065800E5C13C /* accenture-assignment */;
			targetProxy = 4C233B70286E065900E5C13C /* PBXContainerItemProxy */;
		};
		4CAB663928706AC2000C426F /* PBXTargetDependency */ = {
			isa = PBXTargetDependency;
			target = 4C233B58286E065800E5C13C /* accenture-assignment */;
			targetProxy = 4CAB663828706AC2000C426F /* PBXContainerItemProxy */;
		};
		4CAB666728717D1F000C426F /* PBXTargetDependency */ = {
			isa = PBXTargetDependency;
			target = 4C233B58286E065800E5C13C /* accenture-assignment */;
			targetProxy = 4CAB666628717D1F000C426F /* PBXContainerItemProxy */;
		};
/* End PBXTargetDependency section */

/* Begin PBXVariantGroup section */
		4C233B67286E065900E5C13C /* LaunchScreen.storyboard */ = {
			isa = PBXVariantGroup;
			children = (
				4C233B68286E065900E5C13C /* Base */,
			);
			name = LaunchScreen.storyboard;
			sourceTree = "<group>";
		};
/* End PBXVariantGroup section */

/* Begin XCBuildConfiguration section */
		4C233B81286E065900E5C13C /* Debug */ = {
			isa = XCBuildConfiguration;
			buildSettings = {
				ALWAYS_SEARCH_USER_PATHS = NO;
				CLANG_ANALYZER_NONNULL = YES;
				CLANG_ANALYZER_NUMBER_OBJECT_CONVERSION = YES_AGGRESSIVE;
				CLANG_CXX_LANGUAGE_STANDARD = "gnu++17";
				CLANG_ENABLE_MODULES = YES;
				CLANG_ENABLE_OBJC_ARC = YES;
				CLANG_ENABLE_OBJC_WEAK = YES;
				CLANG_WARN_BLOCK_CAPTURE_AUTORELEASING = YES;
				CLANG_WARN_BOOL_CONVERSION = YES;
				CLANG_WARN_COMMA = YES;
				CLANG_WARN_CONSTANT_CONVERSION = YES;
				CLANG_WARN_DEPRECATED_OBJC_IMPLEMENTATIONS = YES;
				CLANG_WARN_DIRECT_OBJC_ISA_USAGE = YES_ERROR;
				CLANG_WARN_DOCUMENTATION_COMMENTS = YES;
				CLANG_WARN_EMPTY_BODY = YES;
				CLANG_WARN_ENUM_CONVERSION = YES;
				CLANG_WARN_INFINITE_RECURSION = YES;
				CLANG_WARN_INT_CONVERSION = YES;
				CLANG_WARN_NON_LITERAL_NULL_CONVERSION = YES;
				CLANG_WARN_OBJC_IMPLICIT_RETAIN_SELF = YES;
				CLANG_WARN_OBJC_LITERAL_CONVERSION = YES;
				CLANG_WARN_OBJC_ROOT_CLASS = YES_ERROR;
				CLANG_WARN_QUOTED_INCLUDE_IN_FRAMEWORK_HEADER = YES;
				CLANG_WARN_RANGE_LOOP_ANALYSIS = YES;
				CLANG_WARN_STRICT_PROTOTYPES = YES;
				CLANG_WARN_SUSPICIOUS_MOVE = YES;
				CLANG_WARN_UNGUARDED_AVAILABILITY = YES_AGGRESSIVE;
				CLANG_WARN_UNREACHABLE_CODE = YES;
				CLANG_WARN__DUPLICATE_METHOD_MATCH = YES;
				COPY_PHASE_STRIP = NO;
				DEBUG_INFORMATION_FORMAT = dwarf;
				ENABLE_STRICT_OBJC_MSGSEND = YES;
				ENABLE_TESTABILITY = YES;
				GCC_C_LANGUAGE_STANDARD = gnu11;
				GCC_DYNAMIC_NO_PIC = NO;
				GCC_NO_COMMON_BLOCKS = YES;
				GCC_OPTIMIZATION_LEVEL = 0;
				GCC_PREPROCESSOR_DEFINITIONS = (
					"DEBUG=1",
					"$(inherited)",
				);
				GCC_WARN_64_TO_32_BIT_CONVERSION = YES;
				GCC_WARN_ABOUT_RETURN_TYPE = YES_ERROR;
				GCC_WARN_UNDECLARED_SELECTOR = YES;
				GCC_WARN_UNINITIALIZED_AUTOS = YES_AGGRESSIVE;
				GCC_WARN_UNUSED_FUNCTION = YES;
				GCC_WARN_UNUSED_VARIABLE = YES;
				IPHONEOS_DEPLOYMENT_TARGET = 15.5;
				MTL_ENABLE_DEBUG_INFO = INCLUDE_SOURCE;
				MTL_FAST_MATH = YES;
				ONLY_ACTIVE_ARCH = YES;
				SDKROOT = iphoneos;
				SWIFT_ACTIVE_COMPILATION_CONDITIONS = DEBUG;
				SWIFT_OPTIMIZATION_LEVEL = "-Onone";
			};
			name = Debug;
		};
		4C233B82286E065900E5C13C /* Release */ = {
			isa = XCBuildConfiguration;
			buildSettings = {
				ALWAYS_SEARCH_USER_PATHS = NO;
				CLANG_ANALYZER_NONNULL = YES;
				CLANG_ANALYZER_NUMBER_OBJECT_CONVERSION = YES_AGGRESSIVE;
				CLANG_CXX_LANGUAGE_STANDARD = "gnu++17";
				CLANG_ENABLE_MODULES = YES;
				CLANG_ENABLE_OBJC_ARC = YES;
				CLANG_ENABLE_OBJC_WEAK = YES;
				CLANG_WARN_BLOCK_CAPTURE_AUTORELEASING = YES;
				CLANG_WARN_BOOL_CONVERSION = YES;
				CLANG_WARN_COMMA = YES;
				CLANG_WARN_CONSTANT_CONVERSION = YES;
				CLANG_WARN_DEPRECATED_OBJC_IMPLEMENTATIONS = YES;
				CLANG_WARN_DIRECT_OBJC_ISA_USAGE = YES_ERROR;
				CLANG_WARN_DOCUMENTATION_COMMENTS = YES;
				CLANG_WARN_EMPTY_BODY = YES;
				CLANG_WARN_ENUM_CONVERSION = YES;
				CLANG_WARN_INFINITE_RECURSION = YES;
				CLANG_WARN_INT_CONVERSION = YES;
				CLANG_WARN_NON_LITERAL_NULL_CONVERSION = YES;
				CLANG_WARN_OBJC_IMPLICIT_RETAIN_SELF = YES;
				CLANG_WARN_OBJC_LITERAL_CONVERSION = YES;
				CLANG_WARN_OBJC_ROOT_CLASS = YES_ERROR;
				CLANG_WARN_QUOTED_INCLUDE_IN_FRAMEWORK_HEADER = YES;
				CLANG_WARN_RANGE_LOOP_ANALYSIS = YES;
				CLANG_WARN_STRICT_PROTOTYPES = YES;
				CLANG_WARN_SUSPICIOUS_MOVE = YES;
				CLANG_WARN_UNGUARDED_AVAILABILITY = YES_AGGRESSIVE;
				CLANG_WARN_UNREACHABLE_CODE = YES;
				CLANG_WARN__DUPLICATE_METHOD_MATCH = YES;
				COPY_PHASE_STRIP = NO;
				DEBUG_INFORMATION_FORMAT = "dwarf-with-dsym";
				ENABLE_NS_ASSERTIONS = NO;
				ENABLE_STRICT_OBJC_MSGSEND = YES;
				GCC_C_LANGUAGE_STANDARD = gnu11;
				GCC_NO_COMMON_BLOCKS = YES;
				GCC_WARN_64_TO_32_BIT_CONVERSION = YES;
				GCC_WARN_ABOUT_RETURN_TYPE = YES_ERROR;
				GCC_WARN_UNDECLARED_SELECTOR = YES;
				GCC_WARN_UNINITIALIZED_AUTOS = YES_AGGRESSIVE;
				GCC_WARN_UNUSED_FUNCTION = YES;
				GCC_WARN_UNUSED_VARIABLE = YES;
				IPHONEOS_DEPLOYMENT_TARGET = 15.5;
				MTL_ENABLE_DEBUG_INFO = NO;
				MTL_FAST_MATH = YES;
				SDKROOT = iphoneos;
				SWIFT_COMPILATION_MODE = wholemodule;
				SWIFT_OPTIMIZATION_LEVEL = "-O";
				VALIDATE_PRODUCT = YES;
			};
			name = Release;
		};
		4C233B84286E065900E5C13C /* Debug */ = {
			isa = XCBuildConfiguration;
			buildSettings = {
				ASSETCATALOG_COMPILER_APPICON_NAME = AppIcon;
				ASSETCATALOG_COMPILER_GLOBAL_ACCENT_COLOR_NAME = AccentColor;
				CODE_SIGN_STYLE = Automatic;
				CURRENT_PROJECT_VERSION = 1;
				DEVELOPMENT_TEAM = QU3CT6V6H6;
				GENERATE_INFOPLIST_FILE = YES;
				INFOPLIST_FILE = "accenture-assignment/Info.plist";
				INFOPLIST_KEY_UIApplicationSupportsIndirectInputEvents = YES;
				INFOPLIST_KEY_UILaunchStoryboardName = LaunchScreen;
				INFOPLIST_KEY_UISupportedInterfaceOrientations_iPad = "UIInterfaceOrientationPortrait UIInterfaceOrientationPortraitUpsideDown UIInterfaceOrientationLandscapeLeft UIInterfaceOrientationLandscapeRight";
				INFOPLIST_KEY_UISupportedInterfaceOrientations_iPhone = "UIInterfaceOrientationPortrait UIInterfaceOrientationLandscapeLeft UIInterfaceOrientationLandscapeRight";
				LD_RUNPATH_SEARCH_PATHS = (
					"$(inherited)",
					"@executable_path/Frameworks",
				);
				MARKETING_VERSION = 1.0;
				PRODUCT_BUNDLE_IDENTIFIER = "com.bitar.accenture-assignment";
				PRODUCT_NAME = "$(TARGET_NAME)";
				SWIFT_EMIT_LOC_STRINGS = YES;
				SWIFT_VERSION = 5.0;
				TARGETED_DEVICE_FAMILY = "1,2";
			};
			name = Debug;
		};
		4C233B85286E065900E5C13C /* Release */ = {
			isa = XCBuildConfiguration;
			buildSettings = {
				ASSETCATALOG_COMPILER_APPICON_NAME = AppIcon;
				ASSETCATALOG_COMPILER_GLOBAL_ACCENT_COLOR_NAME = AccentColor;
				CODE_SIGN_STYLE = Automatic;
				CURRENT_PROJECT_VERSION = 1;
				DEVELOPMENT_TEAM = QU3CT6V6H6;
				GENERATE_INFOPLIST_FILE = YES;
				INFOPLIST_FILE = "accenture-assignment/Info.plist";
				INFOPLIST_KEY_UIApplicationSupportsIndirectInputEvents = YES;
				INFOPLIST_KEY_UILaunchStoryboardName = LaunchScreen;
				INFOPLIST_KEY_UISupportedInterfaceOrientations_iPad = "UIInterfaceOrientationPortrait UIInterfaceOrientationPortraitUpsideDown UIInterfaceOrientationLandscapeLeft UIInterfaceOrientationLandscapeRight";
				INFOPLIST_KEY_UISupportedInterfaceOrientations_iPhone = "UIInterfaceOrientationPortrait UIInterfaceOrientationLandscapeLeft UIInterfaceOrientationLandscapeRight";
				LD_RUNPATH_SEARCH_PATHS = (
					"$(inherited)",
					"@executable_path/Frameworks",
				);
				MARKETING_VERSION = 1.0;
				PRODUCT_BUNDLE_IDENTIFIER = "com.bitar.accenture-assignment";
				PRODUCT_NAME = "$(TARGET_NAME)";
				SWIFT_EMIT_LOC_STRINGS = YES;
				SWIFT_VERSION = 5.0;
				TARGETED_DEVICE_FAMILY = "1,2";
			};
			name = Release;
		};
		4C233B87286E065900E5C13C /* Debug */ = {
			isa = XCBuildConfiguration;
			buildSettings = {
				ALWAYS_EMBED_SWIFT_STANDARD_LIBRARIES = YES;
				BUNDLE_LOADER = "$(TEST_HOST)";
				CLANG_ENABLE_MODULES = YES;
				CODE_SIGN_STYLE = Automatic;
				CURRENT_PROJECT_VERSION = 1;
				DEVELOPMENT_TEAM = QU3CT6V6H6;
				GENERATE_INFOPLIST_FILE = YES;
				IPHONEOS_DEPLOYMENT_TARGET = 15.5;
				LD_RUNPATH_SEARCH_PATHS = (
					"$(inherited)",
					"@executable_path/Frameworks",
					"@loader_path/Frameworks",
				);
				MARKETING_VERSION = 1.0;
				PRODUCT_BUNDLE_IDENTIFIER = "com.bitar.accenture-assignmentTests";
				PRODUCT_NAME = "$(TARGET_NAME)";
				SWIFT_EMIT_LOC_STRINGS = NO;
				SWIFT_OPTIMIZATION_LEVEL = "-Onone";
				SWIFT_VERSION = 5.0;
				TARGETED_DEVICE_FAMILY = "1,2";
				TEST_HOST = "$(BUILT_PRODUCTS_DIR)/accenture-assignment.app/accenture-assignment";
			};
			name = Debug;
		};
		4C233B88286E065900E5C13C /* Release */ = {
			isa = XCBuildConfiguration;
			buildSettings = {
				ALWAYS_EMBED_SWIFT_STANDARD_LIBRARIES = YES;
				BUNDLE_LOADER = "$(TEST_HOST)";
				CLANG_ENABLE_MODULES = YES;
				CODE_SIGN_STYLE = Automatic;
				CURRENT_PROJECT_VERSION = 1;
				DEVELOPMENT_TEAM = QU3CT6V6H6;
				GENERATE_INFOPLIST_FILE = YES;
				IPHONEOS_DEPLOYMENT_TARGET = 15.5;
				LD_RUNPATH_SEARCH_PATHS = (
					"$(inherited)",
					"@executable_path/Frameworks",
					"@loader_path/Frameworks",
				);
				MARKETING_VERSION = 1.0;
				PRODUCT_BUNDLE_IDENTIFIER = "com.bitar.accenture-assignmentTests";
				PRODUCT_NAME = "$(TARGET_NAME)";
				SWIFT_EMIT_LOC_STRINGS = NO;
				SWIFT_VERSION = 5.0;
				TARGETED_DEVICE_FAMILY = "1,2";
				TEST_HOST = "$(BUILT_PRODUCTS_DIR)/accenture-assignment.app/accenture-assignment";
			};
			name = Release;
		};
		4CAB663B28706AC2000C426F /* Debug */ = {
			isa = XCBuildConfiguration;
			buildSettings = {
				BUNDLE_LOADER = "$(TEST_HOST)";
				CODE_SIGN_STYLE = Automatic;
				CURRENT_PROJECT_VERSION = 1;
				DEVELOPMENT_TEAM = QU3CT6V6H6;
				GENERATE_INFOPLIST_FILE = YES;
				MARKETING_VERSION = 1.0;
				PRODUCT_BUNDLE_IDENTIFIER = "com.bitar.accenture-assignmentEndToEndTests";
				PRODUCT_NAME = "$(TARGET_NAME)";
				SWIFT_EMIT_LOC_STRINGS = NO;
				SWIFT_VERSION = 5.0;
				TARGETED_DEVICE_FAMILY = "1,2";
				TEST_HOST = "$(BUILT_PRODUCTS_DIR)/accenture-assignment.app/accenture-assignment";
			};
			name = Debug;
		};
		4CAB663C28706AC2000C426F /* Release */ = {
			isa = XCBuildConfiguration;
			buildSettings = {
				BUNDLE_LOADER = "$(TEST_HOST)";
				CODE_SIGN_STYLE = Automatic;
				CURRENT_PROJECT_VERSION = 1;
				DEVELOPMENT_TEAM = QU3CT6V6H6;
				GENERATE_INFOPLIST_FILE = YES;
				MARKETING_VERSION = 1.0;
				PRODUCT_BUNDLE_IDENTIFIER = "com.bitar.accenture-assignmentEndToEndTests";
				PRODUCT_NAME = "$(TARGET_NAME)";
				SWIFT_EMIT_LOC_STRINGS = NO;
				SWIFT_VERSION = 5.0;
				TARGETED_DEVICE_FAMILY = "1,2";
				TEST_HOST = "$(BUILT_PRODUCTS_DIR)/accenture-assignment.app/accenture-assignment";
			};
			name = Release;
		};
		4CAB666928717D1F000C426F /* Debug */ = {
			isa = XCBuildConfiguration;
			buildSettings = {
				BUNDLE_LOADER = "$(TEST_HOST)";
				CLANG_ENABLE_MODULES = YES;
				CODE_SIGN_STYLE = Automatic;
				CURRENT_PROJECT_VERSION = 1;
				DEVELOPMENT_TEAM = QU3CT6V6H6;
				GENERATE_INFOPLIST_FILE = YES;
				LD_RUNPATH_SEARCH_PATHS = (
					"$(inherited)",
					"@executable_path/Frameworks",
					"@loader_path/Frameworks",
				);
				MARKETING_VERSION = 1.0;
				PRODUCT_BUNDLE_IDENTIFIER = "com.bitar.accenture-assignmentUITests";
				PRODUCT_NAME = "$(TARGET_NAME)";
				SWIFT_EMIT_LOC_STRINGS = NO;
				SWIFT_OPTIMIZATION_LEVEL = "-Onone";
				SWIFT_VERSION = 5.0;
				TARGETED_DEVICE_FAMILY = "1,2";
				TEST_HOST = "$(BUILT_PRODUCTS_DIR)/accenture-assignment.app/accenture-assignment";
			};
			name = Debug;
		};
		4CAB666A28717D1F000C426F /* Release */ = {
			isa = XCBuildConfiguration;
			buildSettings = {
				BUNDLE_LOADER = "$(TEST_HOST)";
				CLANG_ENABLE_MODULES = YES;
				CODE_SIGN_STYLE = Automatic;
				CURRENT_PROJECT_VERSION = 1;
				DEVELOPMENT_TEAM = QU3CT6V6H6;
				GENERATE_INFOPLIST_FILE = YES;
				LD_RUNPATH_SEARCH_PATHS = (
					"$(inherited)",
					"@executable_path/Frameworks",
					"@loader_path/Frameworks",
				);
				MARKETING_VERSION = 1.0;
				PRODUCT_BUNDLE_IDENTIFIER = "com.bitar.accenture-assignmentUITests";
				PRODUCT_NAME = "$(TARGET_NAME)";
				SWIFT_EMIT_LOC_STRINGS = NO;
				SWIFT_VERSION = 5.0;
				TARGETED_DEVICE_FAMILY = "1,2";
				TEST_HOST = "$(BUILT_PRODUCTS_DIR)/accenture-assignment.app/accenture-assignment";
			};
			name = Release;
		};
/* End XCBuildConfiguration section */

/* Begin XCConfigurationList section */
		4C233B54286E065800E5C13C /* Build configuration list for PBXProject "accenture-assignment" */ = {
			isa = XCConfigurationList;
			buildConfigurations = (
				4C233B81286E065900E5C13C /* Debug */,
				4C233B82286E065900E5C13C /* Release */,
			);
			defaultConfigurationIsVisible = 0;
			defaultConfigurationName = Release;
		};
		4C233B83286E065900E5C13C /* Build configuration list for PBXNativeTarget "accenture-assignment" */ = {
			isa = XCConfigurationList;
			buildConfigurations = (
				4C233B84286E065900E5C13C /* Debug */,
				4C233B85286E065900E5C13C /* Release */,
			);
			defaultConfigurationIsVisible = 0;
			defaultConfigurationName = Release;
		};
		4C233B86286E065900E5C13C /* Build configuration list for PBXNativeTarget "accenture-assignmentTests" */ = {
			isa = XCConfigurationList;
			buildConfigurations = (
				4C233B87286E065900E5C13C /* Debug */,
				4C233B88286E065900E5C13C /* Release */,
			);
			defaultConfigurationIsVisible = 0;
			defaultConfigurationName = Release;
		};
		4CAB663A28706AC2000C426F /* Build configuration list for PBXNativeTarget "accenture-assignmentEndToEndTests" */ = {
			isa = XCConfigurationList;
			buildConfigurations = (
				4CAB663B28706AC2000C426F /* Debug */,
				4CAB663C28706AC2000C426F /* Release */,
			);
			defaultConfigurationIsVisible = 0;
			defaultConfigurationName = Release;
		};
		4CAB666828717D1F000C426F /* Build configuration list for PBXNativeTarget "accenture-assignmentUITests" */ = {
			isa = XCConfigurationList;
			buildConfigurations = (
				4CAB666928717D1F000C426F /* Debug */,
				4CAB666A28717D1F000C426F /* Release */,
			);
			defaultConfigurationIsVisible = 0;
			defaultConfigurationName = Release;
		};
/* End XCConfigurationList section */
	};
	rootObject = 4C233B51286E065800E5C13C /* Project object */;
}
